
Microsoft Visual Studio Solution File, Format Version 12.00
# Visual Studio Version 17
VisualStudioVersion = 17.8.34511.84
MinimumVisualStudioVersion = 10.0.40219.1
Project("{FAE04EC0-301F-11D3-BF4B-00C04F79EFBC}") = "AutomobileLibrary", "AutomobileLibrary\AutomobileLibrary.csproj", "{5803CA4A-12B8-4DD4-A27F-6726119AD7C0}"
EndProject
Project("{FAE04EC0-301F-11D3-BF4B-00C04F79EFBC}") = "AutomobileWinApp", "AutomobileWinApp\AutomobileWinApp.csproj", "{B2D5224E-4BAF-4168-BB12-CCC7116FC21E}"
EndProject
Global
	GlobalSection(SolutionConfigurationPlatforms) = preSolution
		Debug|Any CPU = Debug|Any CPU
		Release|Any CPU = Release|Any CPU
	EndGlobalSection
	GlobalSection(ProjectConfigurationPlatforms) = postSolution
		{5803CA4A-12B8-4DD4-A27F-6726119AD7C0}.Debug|Any CPU.ActiveCfg = Debug|Any CPU
		{5803CA4A-12B8-4DD4-A27F-6726119AD7C0}.Debug|Any CPU.Build.0 = Debug|Any CPU
		{5803CA4A-12B8-4DD4-A27F-6726119AD7C0}.Release|Any CPU.ActiveCfg = Release|Any CPU
		{5803CA4A-12B8-4DD4-A27F-6726119AD7C0}.Release|Any CPU.Build.0 = Release|Any CPU
		{B2D5224E-4BAF-4168-BB12-CCC7116FC21E}.Debug|Any CPU.ActiveCfg = Debug|Any CPU
		{B2D5224E-4BAF-4168-BB12-CCC7116FC21E}.Debug|Any CPU.Build.0 = Debug|Any CPU
		{B2D5224E-4BAF-4168-BB12-CCC7116FC21E}.Release|Any CPU.ActiveCfg = Release|Any CPU
		{B2D5224E-4BAF-4168-BB12-CCC7116FC21E}.Release|Any CPU.Build.0 = Release|Any CPU
	EndGlobalSection
	GlobalSection(SolutionProperties) = preSolution
		HideSolutionNode = FALSE
	EndGlobalSection
	GlobalSection(ExtensibilityGlobals) = postSolution
		SolutionGuid = {5D3E7A0B-BC80-4379-8A47-BC0B259A094F}
	EndGlobalSection
EndGlobal
